
Microsoft Visual Studio Solution File, Format Version 12.00
# Visual Studio Version 16
VisualStudioVersion = 16.0.29230.47
MinimumVisualStudioVersion = 10.0.40219.1
Project("{FAE04EC0-301F-11D3-BF4B-00C04F79EFBC}") = "PROJET BDD KADIR", "PROJET BDD KADIR.csproj", "{F21D29CE-D9FE-424F-B1AB-64067F67FEDA}"
EndProject
Global
	GlobalSection(SolutionConfigurationPlatforms) = preSolution
		Debug|Any CPU = Debug|Any CPU
		Release|Any CPU = Release|Any CPU
	EndGlobalSection
	GlobalSection(ProjectConfigurationPlatforms) = postSolution
		{F21D29CE-D9FE-424F-B1AB-64067F67FEDA}.Debug|Any CPU.ActiveCfg = Debug|Any CPU
		{F21D29CE-D9FE-424F-B1AB-64067F67FEDA}.Debug|Any CPU.Build.0 = Debug|Any CPU
		{F21D29CE-D9FE-424F-B1AB-64067F67FEDA}.Release|Any CPU.ActiveCfg = Release|Any CPU
		{F21D29CE-D9FE-424F-B1AB-64067F67FEDA}.Release|Any CPU.Build.0 = Release|Any CPU
	EndGlobalSection
	GlobalSection(SolutionProperties) = preSolution
		HideSolutionNode = FALSE
	EndGlobalSection
	GlobalSection(ExtensibilityGlobals) = postSolution
		SolutionGuid = {6EFDE390-8A94-44C6-846E-7485EAB2AA2B}
	EndGlobalSection
EndGlobal
